lockfileVersion: '6.0'

settings:
  autoInstallPeers: true
  excludeLinksFromLockfile: false

dependencies:
  p5:
    specifier: ^1.7.0
    version: 1.7.0

devDependencies:
  '@types/node':
    specifier: ^20.5.6
    version: 20.5.6
  '@types/p5':
    specifier: ^1.7.0
    version: 1.7.0
  typescript:
    specifier: ^5.2.2
    version: 5.2.2

packages:

  /@types/node@20.5.6:
    resolution: {integrity: sha512-Gi5wRGPbbyOTX+4Y2iULQ27oUPrefaB0PxGQJnfyWN3kvEDGM3mIB5M/gQLmitZf7A9FmLeaqxD3L1CXpm3VKQ==}
    dev: true

  /@types/p5@1.7.0:
    resolution: {integrity: sha512-6AnjmW98/edgXB+pYDBx7t6QbCogIG6NUzey93JpGTZA4096C+KjSN8y0sj43QRd9XtblrAhoRXHj1pFZ2vsCg==}
    dev: true

  /p5@1.7.0:
    resolution: {integrity: sha512-qrbT/44Dwm63ZtOKX/mp61pw+5yj6ijYLOmRv7p6zcfjbo83Vb0gVFEvW0kTLFu7hceWCig0HONo9F1bSlqbsQ==}
    dev: false

  /typescript@5.2.2:
    resolution: {integrity: sha512-mI4WrpHsbCIcwT9cF4FZvr80QUeKvsUsUvKDoR+X/7XHQH98xYD8YHZg7ANtz2GtZt/CBq2QJ0thkGJMHfqc1w==}
    engines: {node: '>=14.17'}
    hasBin: true
    dev: true
