lockfileVersion: '6.0'

settings:
  autoInstallPeers: true
  excludeLinksFromLockfile: false

dependencies:
  p5:
    specifier: ^1.7.0
    version: 1.7.0

devDependencies:
  '@types/p5':
    specifier: ^1.6.2
    version: 1.6.2

packages:

  /@types/p5@1.6.2:
    resolution: {integrity: sha512-iy1B7DBMc9e5j0DrWnIjSJh+Ro9UkKxPHspbx/GvIeGFTOIJF0H2lICnIN4go1OZEAQSHBinLd7t+oe8lrrLvA==}
    dev: true

  /p5@1.7.0:
    resolution: {integrity: sha512-qrbT/44Dwm63ZtOKX/mp61pw+5yj6ijYLOmRv7p6zcfjbo83Vb0gVFEvW0kTLFu7hceWCig0HONo9F1bSlqbsQ==}
    dev: false
